{
  "version": 4,
  "terraform_version": "0.12.24",
  "serial": 296,
  "lineage": "485bf364-29b3-13ee-1dc9-7ce47fe2ec99",
  "outputs": {
    "bastion_host_private_ip": {
      "value": "172.16.1.4",
      "type": "string"
    },
    "bastion_host_public_ip": {
      "value": "34.86.236.158",
      "type": "string"
    },
    "db_private_ip": {
      "value": "192.168.5.2",
      "type": "string"
    },
    "web_frontend_ip": {
      "value": "34.96.126.229",
      "type": "string"
    }
  },
  "resources": [
    {
      "mode": "data",
      "type": "google_compute_image",
      "name": "image",
      "provider": "provider.google",
      "instances": [
        {
          "schema_version": 0,
          "attributes": {
            "archive_size_bytes": 27108820992,
            "creation_timestamp": "2020-08-11T11:37:35.338-07:00",
            "description": "CentOS, CentOS, 7, x86_64 built on 20200811, supports Shielded VM features",
            "disk_size_gb": 20,
            "family": "centos-7",
            "id": "projects/centos-cloud/global/images/centos-7-v20200811",
            "image_encryption_key_sha256": "",
            "image_id": "7496834076966345600",
            "label_fingerprint": "42WmSpB8rSM=",
            "labels": {},
            "licenses": [
              "https://www.googleapis.com/compute/v1/projects/centos-cloud/global/licenses/centos-7"
            ],
            "name": "centos-7-v20200811",
            "project": "centos-cloud",
            "self_link": "https://www.googleapis.com/compute/v1/projects/centos-cloud/global/images/centos-7-v20200811",
            "source_disk": "",
            "source_disk_encryption_key_sha256": "",
            "source_disk_id": "",
            "source_image_id": "",
            "status": "READY"
          }
        }
      ]
    },
    {
      "mode": "data",
      "type": "google_compute_subnetwork",
      "name": "db_network",
      "provider": "provider.google",
      "instances": [
        {
          "schema_version": 0,
          "attributes": {
            "description": "",
            "gateway_address": "192.168.5.1",
            "id": "projects/ctdc-demo/regions/us-east4/subnetworks/ctdc-us-east4-dev-db-network",
            "ip_cidr_range": "192.168.5.0/28",
            "name": "ctdc-us-east4-dev-db-network",
            "network": "https://www.googleapis.com/compute/v1/projects/ctdc-demo/global/networks/ctdc-network",
            "private_ip_google_access": true,
            "project": "ctdc-demo",
            "region": "us-east4",
            "secondary_ip_range": [],
            "self_link": "https://www.googleapis.com/compute/v1/projects/ctdc-demo/regions/us-east4/subnetworks/ctdc-us-east4-dev-db-network"
          }
        }
      ]
    },
    {
      "mode": "data",
      "type": "google_compute_subnetwork",
      "name": "gke_network",
      "provider": "provider.google",
      "instances": [
        {
          "schema_version": 0,
          "attributes": {
            "description": "",
            "gateway_address": "10.10.0.1",
            "id": "projects/ctdc-demo/regions/us-east4/subnetworks/ctdc-us-east4-dev-gke-network",
            "ip_cidr_range": "10.10.0.0/16",
            "name": "ctdc-us-east4-dev-gke-network",
            "network": "https://www.googleapis.com/compute/v1/projects/ctdc-demo/global/networks/ctdc-network",
            "private_ip_google_access": true,
            "project": "ctdc-demo",
            "region": "us-east4",
            "secondary_ip_range": [
              {
                "ip_cidr_range": "10.121.44.0/22",
                "range_name": "gke-demo-dev-gke-services-9ad9ee10"
              },
              {
                "ip_cidr_range": "10.121.0.0/20",
                "range_name": "gke-demo-dev-gke-pods-9ad9ee10"
              }
            ],
            "self_link": "https://www.googleapis.com/compute/v1/projects/ctdc-demo/regions/us-east4/subnetworks/ctdc-us-east4-dev-gke-network"
          }
        }
      ]
    },
    {
      "mode": "data",
      "type": "google_compute_subnetwork",
      "name": "mgmt_network",
      "provider": "provider.google",
      "instances": [
        {
          "schema_version": 0,
          "attributes": {
            "description": "",
            "gateway_address": "172.16.1.1",
            "id": "projects/ctdc-demo/regions/us-east4/subnetworks/ctdc-us-east4-dev-mgmt-network",
            "ip_cidr_range": "172.16.1.0/24",
            "name": "ctdc-us-east4-dev-mgmt-network",
            "network": "https://www.googleapis.com/compute/v1/projects/ctdc-demo/global/networks/ctdc-network",
            "private_ip_google_access": true,
            "project": "ctdc-demo",
            "region": "us-east4",
            "secondary_ip_range": [],
            "self_link": "https://www.googleapis.com/compute/v1/projects/ctdc-demo/regions/us-east4/subnetworks/ctdc-us-east4-dev-mgmt-network"
          }
        }
      ]
    },
    {
      "mode": "data",
      "type": "google_projects",
      "name": "bento_demo",
      "provider": "provider.google",
      "instances": [
        {
          "schema_version": 0,
          "attributes": {
            "filter": "name:ctdc-demo",
            "id": "name:ctdc-demo",
            "projects": [
              {
                "project_id": "ctdc-demo"
              }
            ]
          }
        }
      ]
    },
    {
      "mode": "data",
      "type": "google_service_account",
      "name": "service_account",
      "provider": "provider.google",
      "instances": [
        {
          "schema_version": 0,
          "attributes": {
            "account_id": "demo-sa",
            "display_name": "",
            "email": "demo-sa@ctdc-demo.iam.gserviceaccount.com",
            "id": "projects/ctdc-demo/serviceAccounts/demo-sa@ctdc-demo.iam.gserviceaccount.com",
            "name": "projects/ctdc-demo/serviceAccounts/demo-sa@ctdc-demo.iam.gserviceaccount.com",
            "project": "ctdc-demo",
            "unique_id": "100594379032653526368"
          }
        }
      ]
    },
    {
      "mode": "managed",
      "type": "google_compute_address",
      "name": "nat_ips",
      "each": "map",
      "provider": "provider.google",
      "instances": [
        {
          "index_key": "db-network",
          "schema_version": 0,
          "attributes": {
            "address": "35.245.145.46",
            "address_type": "EXTERNAL",
            "creation_timestamp": "2020-08-23T22:25:02.196-07:00",
            "description": "",
            "id": "projects/ctdc-demo/regions/us-east4/addresses/db-network-nat-ip",
            "name": "db-network-nat-ip",
            "network_tier": "PREMIUM",
            "project": "ctdc-demo",
            "purpose": "",
            "region": "us-east4",
            "self_link": "https://www.googleapis.com/compute/v1/projects/ctdc-demo/regions/us-east4/addresses/db-network-nat-ip",
            "subnetwork": "",
            "timeouts": null,
            "users": [
              "https://www.googleapis.com/compute/v1/projects/ctdc-demo/regions/us-east4/routers/ctdc-nat-router"
            ]
          },
          "private": "eyJlMmJmYjczMC1lY2FhLTExZTYtOGY4OC0zNDM2M2JjN2M0YzAiOnsiY3JlYXRlIjoyNDAwMDAwMDAwMDAsImRlbGV0ZSI6MjQwMDAwMDAwMDAwfX0="
        },
        {
          "index_key": "gke-network",
          "schema_version": 0,
          "attributes": {
            "address": "35.245.228.49",
            "address_type": "EXTERNAL",
            "creation_timestamp": "2020-08-23T22:25:02.206-07:00",
            "description": "",
            "id": "projects/ctdc-demo/regions/us-east4/addresses/gke-network-nat-ip",
            "name": "gke-network-nat-ip",
            "network_tier": "PREMIUM",
            "project": "ctdc-demo",
            "purpose": "",
            "region": "us-east4",
            "self_link": "https://www.googleapis.com/compute/v1/projects/ctdc-demo/regions/us-east4/addresses/gke-network-nat-ip",
            "subnetwork": "",
            "timeouts": null,
            "users": [
              "https://www.googleapis.com/compute/v1/projects/ctdc-demo/regions/us-east4/routers/ctdc-nat-router"
            ]
          },
          "private": "eyJlMmJmYjczMC1lY2FhLTExZTYtOGY4OC0zNDM2M2JjN2M0YzAiOnsiY3JlYXRlIjoyNDAwMDAwMDAwMDAsImRlbGV0ZSI6MjQwMDAwMDAwMDAwfX0="
        },
        {
          "index_key": "mgmt-network",
          "schema_version": 0,
          "attributes": {
            "address": "35.245.23.76",
            "address_type": "EXTERNAL",
            "creation_timestamp": "2020-08-23T22:25:02.217-07:00",
            "description": "",
            "id": "projects/ctdc-demo/regions/us-east4/addresses/mgmt-network-nat-ip",
            "name": "mgmt-network-nat-ip",
            "network_tier": "PREMIUM",
            "project": "ctdc-demo",
            "purpose": "",
            "region": "us-east4",
            "self_link": "https://www.googleapis.com/compute/v1/projects/ctdc-demo/regions/us-east4/addresses/mgmt-network-nat-ip",
            "subnetwork": "",
            "timeouts": null,
            "users": [
              "https://www.googleapis.com/compute/v1/projects/ctdc-demo/regions/us-east4/routers/ctdc-nat-router"
            ]
          },
          "private": "eyJlMmJmYjczMC1lY2FhLTExZTYtOGY4OC0zNDM2M2JjN2M0YzAiOnsiY3JlYXRlIjoyNDAwMDAwMDAwMDAsImRlbGV0ZSI6MjQwMDAwMDAwMDAwfX0="
        }
      ]
    },
    {
      "mode": "managed",
      "type": "google_compute_firewall",
      "name": "allow-internal",
      "provider": "provider.google",
      "instances": [
        {
          "schema_version": 1,
          "attributes": {
            "allow": [
              {
                "ports": [
                  "0-65535"
                ],
                "protocol": "tcp"
              },
              {
                "ports": [
                  "0-65535"
                ],
                "protocol": "udp"
              },
              {
                "ports": [],
                "protocol": "icmp"
              }
            ],
            "creation_timestamp": "2020-08-23T22:25:24.365-07:00",
            "deny": [],
            "description": "",
            "destination_ranges": [],
            "direction": "INGRESS",
            "disabled": false,
            "enable_logging": null,
            "id": "projects/ctdc-demo/global/firewalls/ctdc-allow-internal",
            "log_config": [],
            "name": "ctdc-allow-internal",
            "network": "https://www.googleapis.com/compute/v1/projects/ctdc-demo/global/networks/ctdc-network",
            "priority": 1000,
            "project": "ctdc-demo",
            "self_link": "https://www.googleapis.com/compute/v1/projects/ctdc-demo/global/firewalls/ctdc-allow-internal",
            "source_ranges": [
              "10.10.0.0/16",
              "172.16.1.0/24",
              "192.168.5.0/28"
            ],
            "source_service_accounts": [],
            "source_tags": [],
            "target_service_accounts": [],
            "target_tags": [],
            "timeouts": null
          },
          "private": "eyJlMmJmYjczMC1lY2FhLTExZTYtOGY4OC0zNDM2M2JjN2M0YzAiOnsiY3JlYXRlIjoyNDAwMDAwMDAwMDAsImRlbGV0ZSI6MjQwMDAwMDAwMDAwLCJ1cGRhdGUiOjI0MDAwMDAwMDAwMH0sInNjaGVtYV92ZXJzaW9uIjoiMSJ9",
          "dependencies": [
            "google_compute_network.vpc"
          ]
        }
      ]
    },
    {
      "mode": "managed",
      "type": "google_compute_firewall",
      "name": "allow-pod-db",
      "provider": "provider.google",
      "instances": [
        {
          "schema_version": 1,
          "attributes": {
            "allow": [
              {
                "ports": [
                  "7474"
                ],
                "protocol": "tcp"
              }
            ],
            "creation_timestamp": "2020-08-23T22:25:24.341-07:00",
            "deny": [],
            "description": "",
            "destination_ranges": [],
            "direction": "INGRESS",
            "disabled": false,
            "enable_logging": null,
            "id": "projects/ctdc-demo/global/firewalls/ctdc-allow-neo4j-to-db",
            "log_config": [],
            "name": "ctdc-allow-neo4j-to-db",
            "network": "https://www.googleapis.com/compute/v1/projects/ctdc-demo/global/networks/ctdc-network",
            "priority": 1000,
            "project": "ctdc-demo",
            "self_link": "https://www.googleapis.com/compute/v1/projects/ctdc-demo/global/firewalls/ctdc-allow-neo4j-to-db",
            "source_ranges": [
              "10.8.0.0/28"
            ],
            "source_service_accounts": [],
            "source_tags": [],
            "target_service_accounts": [],
            "target_tags": [],
            "timeouts": null
          },
          "private": "eyJlMmJmYjczMC1lY2FhLTExZTYtOGY4OC0zNDM2M2JjN2M0YzAiOnsiY3JlYXRlIjoyNDAwMDAwMDAwMDAsImRlbGV0ZSI6MjQwMDAwMDAwMDAwLCJ1cGRhdGUiOjI0MDAwMDAwMDAwMH0sInNjaGVtYV92ZXJzaW9uIjoiMSJ9",
          "dependencies": [
            "google_compute_network.vpc"
          ]
        }
      ]
    },
    {
      "mode": "managed",
      "type": "google_compute_firewall",
      "name": "allow-ssh-from-bastion-to-db",
      "provider": "provider.google",
      "instances": [
        {
          "schema_version": 1,
          "attributes": {
            "allow": [
              {
                "ports": [
                  "22",
                  "7473",
                  "7474",
                  "7687"
                ],
                "protocol": "tcp"
              }
            ],
            "creation_timestamp": "2020-08-23T22:25:24.480-07:00",
            "deny": [],
            "description": "",
            "destination_ranges": [
              "0.0.0.0/0"
            ],
            "direction": "EGRESS",
            "disabled": false,
            "enable_logging": null,
            "id": "projects/ctdc-demo/global/firewalls/ctdc-dev-allow-ssh-from-bastion-to-db",
            "log_config": [],
            "name": "ctdc-dev-allow-ssh-from-bastion-to-db",
            "network": "https://www.googleapis.com/compute/v1/projects/ctdc-demo/global/networks/ctdc-network",
            "priority": 1000,
            "project": "ctdc-demo",
            "self_link": "https://www.googleapis.com/compute/v1/projects/ctdc-demo/global/firewalls/ctdc-dev-allow-ssh-from-bastion-to-db",
            "source_ranges": [],
            "source_service_accounts": [],
            "source_tags": [],
            "target_service_accounts": [],
            "target_tags": [
              "db"
            ],
            "timeouts": null
          },
          "private": "eyJlMmJmYjczMC1lY2FhLTExZTYtOGY4OC0zNDM2M2JjN2M0YzAiOnsiY3JlYXRlIjoyNDAwMDAwMDAwMDAsImRlbGV0ZSI6MjQwMDAwMDAwMDAwLCJ1cGRhdGUiOjI0MDAwMDAwMDAwMH0sInNjaGVtYV92ZXJzaW9uIjoiMSJ9",
          "dependencies": [
            "google_compute_network.vpc"
          ]
        }
      ]
    },
    {
      "mode": "managed",
      "type": "google_compute_firewall",
      "name": "allow-ssh-to-bastion",
      "provider": "provider.google",
      "instances": [
        {
          "schema_version": 1,
          "attributes": {
            "allow": [
              {
                "ports": [
                  "22"
                ],
                "protocol": "tcp"
              }
            ],
            "creation_timestamp": "2020-08-23T22:25:24.336-07:00",
            "deny": [],
            "description": "",
            "destination_ranges": [],
            "direction": "INGRESS",
            "disabled": false,
            "enable_logging": null,
            "id": "projects/ctdc-demo/global/firewalls/ctdc-dev-allow-ssh-to-bastion",
            "log_config": [],
            "name": "ctdc-dev-allow-ssh-to-bastion",
            "network": "https://www.googleapis.com/compute/v1/projects/ctdc-demo/global/networks/ctdc-network",
            "priority": 1000,
            "project": "ctdc-demo",
            "self_link": "https://www.googleapis.com/compute/v1/projects/ctdc-demo/global/firewalls/ctdc-dev-allow-ssh-to-bastion",
            "source_ranges": [
              "0.0.0.0/0"
            ],
            "source_service_accounts": [],
            "source_tags": [],
            "target_service_accounts": [],
            "target_tags": [
              "bastion"
            ],
            "timeouts": null
          },
          "private": "eyJlMmJmYjczMC1lY2FhLTExZTYtOGY4OC0zNDM2M2JjN2M0YzAiOnsiY3JlYXRlIjoyNDAwMDAwMDAwMDAsImRlbGV0ZSI6MjQwMDAwMDAwMDAwLCJ1cGRhdGUiOjI0MDAwMDAwMDAwMH0sInNjaGVtYV92ZXJzaW9uIjoiMSJ9",
          "dependencies": [
            "google_compute_network.vpc"
          ]
        }
      ]
    },
    {
      "mode": "managed",
      "type": "google_compute_firewall",
      "name": "allow-ssh-to-db-from-bastion",
      "provider": "provider.google",
      "instances": [
        {
          "schema_version": 1,
          "attributes": {
            "allow": [
              {
                "ports": [
                  "22",
                  "7473",
                  "7474",
                  "7687"
                ],
                "protocol": "tcp"
              }
            ],
            "creation_timestamp": "2020-08-23T22:25:24.478-07:00",
            "deny": [],
            "description": "",
            "destination_ranges": [],
            "direction": "INGRESS",
            "disabled": false,
            "enable_logging": null,
            "id": "projects/ctdc-demo/global/firewalls/ctdc-dev-allow-ssh-to-db-from-bastion",
            "log_config": [],
            "name": "ctdc-dev-allow-ssh-to-db-from-bastion",
            "network": "https://www.googleapis.com/compute/v1/projects/ctdc-demo/global/networks/ctdc-network",
            "priority": 1000,
            "project": "ctdc-demo",
            "self_link": "https://www.googleapis.com/compute/v1/projects/ctdc-demo/global/firewalls/ctdc-dev-allow-ssh-to-db-from-bastion",
            "source_ranges": [],
            "source_service_accounts": [],
            "source_tags": [
              "bastion"
            ],
            "target_service_accounts": [],
            "target_tags": [],
            "timeouts": null
          },
          "private": "eyJlMmJmYjczMC1lY2FhLTExZTYtOGY4OC0zNDM2M2JjN2M0YzAiOnsiY3JlYXRlIjoyNDAwMDAwMDAwMDAsImRlbGV0ZSI6MjQwMDAwMDAwMDAwLCJ1cGRhdGUiOjI0MDAwMDAwMDAwMH0sInNjaGVtYV92ZXJzaW9uIjoiMSJ9",
          "dependencies": [
            "google_compute_network.vpc"
          ]
        }
      ]
    },
    {
      "mode": "managed",
      "type": "google_compute_firewall",
      "name": "allow_neo4j_http",
      "provider": "provider.google",
      "instances": [
        {
          "schema_version": 1,
          "attributes": {
            "allow": [
              {
                "ports": [
                  "7474"
                ],
                "protocol": "tcp"
              }
            ],
            "creation_timestamp": "2020-08-23T22:25:24.454-07:00",
            "deny": [],
            "description": "",
            "destination_ranges": [
              "0.0.0.0/0"
            ],
            "direction": "EGRESS",
            "disabled": false,
            "enable_logging": null,
            "id": "projects/ctdc-demo/global/firewalls/ctdc-allow-neo4j-http",
            "log_config": [],
            "name": "ctdc-allow-neo4j-http",
            "network": "https://www.googleapis.com/compute/v1/projects/ctdc-demo/global/networks/ctdc-network",
            "priority": 1000,
            "project": "ctdc-demo",
            "self_link": "https://www.googleapis.com/compute/v1/projects/ctdc-demo/global/firewalls/ctdc-allow-neo4j-http",
            "source_ranges": [],
            "source_service_accounts": [],
            "source_tags": [],
            "target_service_accounts": [],
            "target_tags": [
              "db"
            ],
            "timeouts": null
          },
          "private": "eyJlMmJmYjczMC1lY2FhLTExZTYtOGY4OC0zNDM2M2JjN2M0YzAiOnsiY3JlYXRlIjoyNDAwMDAwMDAwMDAsImRlbGV0ZSI6MjQwMDAwMDAwMDAwLCJ1cGRhdGUiOjI0MDAwMDAwMDAwMH0sInNjaGVtYV92ZXJzaW9uIjoiMSJ9",
          "dependencies": [
            "google_compute_network.vpc"
          ]
        }
      ]
    },
    {
      "mode": "managed",
      "type": "google_compute_global_address",
      "name": "default",
      "provider": "provider.google",
      "instances": [
        {
          "schema_version": 0,
          "attributes": {
            "address": "34.96.126.229",
            "address_type": "EXTERNAL",
            "creation_timestamp": "2020-08-23T22:25:02.057-07:00",
            "description": "",
            "id": "projects/ctdc-demo/global/addresses/web-frontend-ip",
            "ip_version": "",
            "name": "web-frontend-ip",
            "network": "",
            "prefix_length": 0,
            "project": "ctdc-demo",
            "purpose": "",
            "self_link": "https://www.googleapis.com/compute/v1/projects/ctdc-demo/global/addresses/web-frontend-ip",
            "timeouts": null
          },
          "private": "eyJlMmJmYjczMC1lY2FhLTExZTYtOGY4OC0zNDM2M2JjN2M0YzAiOnsiY3JlYXRlIjoyNDAwMDAwMDAwMDAsImRlbGV0ZSI6MjQwMDAwMDAwMDAwfX0="
        }
      ]
    },
    {
      "mode": "managed",
      "type": "google_compute_instance",
      "name": "bastion",
      "provider": "provider.google",
      "instances": [
        {
          "status": "tainted",
          "schema_version": 6,
          "attributes": {
            "allow_stopping_for_update": null,
            "attached_disk": [],
            "boot_disk": [
              {
                "auto_delete": true,
                "device_name": "persistent-disk-0",
                "disk_encryption_key_raw": "",
                "disk_encryption_key_sha256": "",
                "initialize_params": [
                  {
                    "image": "https://www.googleapis.com/compute/v1/projects/centos-cloud/global/images/centos-7-v20200811",
                    "labels": {},
                    "size": 20,
                    "type": "pd-standard"
                  }
                ],
                "kms_key_self_link": "",
                "mode": "READ_WRITE",
                "source": "https://www.googleapis.com/compute/v1/projects/ctdc-demo/zones/us-east4-a/disks/ctdc-bastion-host"
              }
            ],
            "can_ip_forward": false,
            "cpu_platform": "Intel Broadwell",
            "current_status": "RUNNING",
            "deletion_protection": false,
            "description": "",
            "desired_status": null,
            "enable_display": false,
            "guest_accelerator": [],
            "hostname": "",
            "id": "projects/ctdc-demo/zones/us-east4-a/instances/ctdc-bastion-host",
            "instance_id": "266999397209794308",
            "label_fingerprint": "42WmSpB8rSM=",
            "labels": null,
            "machine_type": "n1-standard-1",
            "metadata": {
              "ssh-keys": "bento:ssh-rsa AAAAB3NzaC1yc2EAAAADAQABAAABAQCw1CNYgCu0Om0snRGTGqXYKkY5S2bWZkWBLfEjOixnMcQ3YEAAkdSb6lNEHUbb7qa5ULk/WpS9z0GVu3rzAuFef/GbezXH/pfiRTnt504PP0FfOKxtaMzTBiS5/MquccnKRWK07VYMGEP86Flxhg79yGbOLYMlPj58/BKfS3s85f86jUc1MJXckTJN1v8jrr2hBvfNl3Gqm8yIzI2mryAP9M3YaN3wUygEAEV8rl60ymc2WVjaax2tDdU8G2HlQzOHTfNagK0wauRV0QMrmj3WjHNB+sRSuK1gRwXfikHBM9IdTwNIpuJTV6n61nW9dtUq1QXFzXEhWEN4j13l7Y31 donkorvn@NCI-02134127-ML\n"
            },
            "metadata_fingerprint": "RGmKZmKBsIA=",
            "metadata_startup_script": "",
            "min_cpu_platform": "",
            "name": "ctdc-bastion-host",
            "network_interface": [
              {
                "access_config": [
                  {
                    "nat_ip": "35.199.27.51",
                    "network_tier": "PREMIUM",
                    "public_ptr_domain_name": ""
                  }
                ],
                "alias_ip_range": [],
                "name": "nic0",
                "network": "https://www.googleapis.com/compute/v1/projects/ctdc-demo/global/networks/ctdc-network",
                "network_ip": "172.16.1.5",
                "subnetwork": "https://www.googleapis.com/compute/v1/projects/ctdc-demo/regions/us-east4/subnetworks/ctdc-us-east4-dev-mgmt-network",
                "subnetwork_project": "ctdc-demo"
              }
            ],
            "project": "ctdc-demo",
            "resource_policies": null,
            "scheduling": [
              {
                "automatic_restart": true,
                "node_affinities": [],
                "on_host_maintenance": "MIGRATE",
                "preemptible": false
              }
            ],
            "scratch_disk": [],
            "self_link": "https://www.googleapis.com/compute/v1/projects/ctdc-demo/zones/us-east4-a/instances/ctdc-bastion-host",
            "service_account": [],
            "shielded_instance_config": [
              {
                "enable_integrity_monitoring": true,
                "enable_secure_boot": false,
                "enable_vtpm": true
              }
            ],
            "tags": [
              "bastion"
            ],
            "tags_fingerprint": "NfTTNVh6sLU=",
            "timeouts": null,
            "zone": "us-east4-a"
          },
          "private": "eyJlMmJmYjczMC1lY2FhLTExZTYtOGY4OC0zNDM2M2JjN2M0YzAiOnsiY3JlYXRlIjoxMjAwMDAwMDAwMDAwLCJkZWxldGUiOjEyMDAwMDAwMDAwMDAsInVwZGF0ZSI6MTIwMDAwMDAwMDAwMH0sInNjaGVtYV92ZXJzaW9uIjoiNiJ9",
          "dependencies": [
            "google_compute_instance.neo4j",
            "google_compute_subnetwork.subnet",
            "local_file.deploy_script"
          ]
        }
      ]
    },
    {
      "mode": "managed",
      "type": "google_compute_instance",
      "name": "neo4j",
      "provider": "provider.google",
      "instances": [
        {
          "schema_version": 6,
          "attributes": {
            "allow_stopping_for_update": null,
            "attached_disk": [],
            "boot_disk": [
              {
                "auto_delete": true,
                "device_name": "persistent-disk-0",
                "disk_encryption_key_raw": "",
                "disk_encryption_key_sha256": "",
                "initialize_params": [
                  {
                    "image": "https://www.googleapis.com/compute/v1/projects/centos-cloud/global/images/centos-7-v20200811",
                    "labels": {},
                    "size": 20,
                    "type": "pd-standard"
                  }
                ],
                "kms_key_self_link": "",
                "mode": "READ_WRITE",
                "source": "https://www.googleapis.com/compute/v1/projects/ctdc-demo/zones/us-east4-a/disks/ctdc-dev-database"
              }
            ],
            "can_ip_forward": false,
            "cpu_platform": "Intel Broadwell",
            "current_status": "RUNNING",
            "deletion_protection": false,
            "description": "",
            "desired_status": null,
            "enable_display": false,
            "guest_accelerator": [],
            "hostname": "",
            "id": "projects/ctdc-demo/zones/us-east4-a/instances/ctdc-dev-database",
            "instance_id": "8878987353489600948",
            "label_fingerprint": "42WmSpB8rSM=",
            "labels": {},
            "machine_type": "n1-standard-1",
            "metadata": {
              "ssh-keys": "bento:ssh-rsa AAAAB3NzaC1yc2EAAAADAQABAAABAQCw1CNYgCu0Om0snRGTGqXYKkY5S2bWZkWBLfEjOixnMcQ3YEAAkdSb6lNEHUbb7qa5ULk/WpS9z0GVu3rzAuFef/GbezXH/pfiRTnt504PP0FfOKxtaMzTBiS5/MquccnKRWK07VYMGEP86Flxhg79yGbOLYMlPj58/BKfS3s85f86jUc1MJXckTJN1v8jrr2hBvfNl3Gqm8yIzI2mryAP9M3YaN3wUygEAEV8rl60ymc2WVjaax2tDdU8G2HlQzOHTfNagK0wauRV0QMrmj3WjHNB+sRSuK1gRwXfikHBM9IdTwNIpuJTV6n61nW9dtUq1QXFzXEhWEN4j13l7Y31 donkorvn@NCI-02134127-ML\n"
            },
            "metadata_fingerprint": "YvRKX9O52DM=",
            "metadata_startup_script": "          set -ex\n          cd /tmp\n          rm -rf bento-custodian || true\n          yum -y install epel-release\n          yum -y install wget git python-setuptools python-pip\n          pip install ansible==2.8.0 boto boto3 botocore\n          git clone https://github.com/CBIIT/bento-custodian\n          cd bento-custodian/ansible\n          ansible-playbook neo4j.yml -e env=\"dev\"\n          systemctl restart neo4j\n",
            "min_cpu_platform": "",
            "name": "ctdc-dev-database",
            "network_interface": [
              {
                "access_config": [],
                "alias_ip_range": [],
                "name": "nic0",
                "network": "https://www.googleapis.com/compute/v1/projects/ctdc-demo/global/networks/ctdc-network",
                "network_ip": "192.168.5.2",
                "subnetwork": "https://www.googleapis.com/compute/v1/projects/ctdc-demo/regions/us-east4/subnetworks/ctdc-us-east4-dev-db-network",
                "subnetwork_project": "ctdc-demo"
              }
            ],
            "project": "ctdc-demo",
            "resource_policies": [],
            "scheduling": [
              {
                "automatic_restart": true,
                "node_affinities": [],
                "on_host_maintenance": "MIGRATE",
                "preemptible": false
              }
            ],
            "scratch_disk": [],
            "self_link": "https://www.googleapis.com/compute/v1/projects/ctdc-demo/zones/us-east4-a/instances/ctdc-dev-database",
            "service_account": [],
            "shielded_instance_config": [
              {
                "enable_integrity_monitoring": true,
                "enable_secure_boot": false,
                "enable_vtpm": true
              }
            ],
            "tags": [
              "db"
            ],
            "tags_fingerprint": "iLlpKeTIHqY=",
            "timeouts": null,
            "zone": "us-east4-a"
          },
          "private": "eyJlMmJmYjczMC1lY2FhLTExZTYtOGY4OC0zNDM2M2JjN2M0YzAiOnsiY3JlYXRlIjoxMjAwMDAwMDAwMDAwLCJkZWxldGUiOjEyMDAwMDAwMDAwMDAsInVwZGF0ZSI6MTIwMDAwMDAwMDAwMH0sInNjaGVtYV92ZXJzaW9uIjoiNiJ9",
          "dependencies": [
            "google_compute_network.vpc",
            "google_compute_subnetwork.subnet"
          ]
        }
      ]
    },
    {
      "mode": "managed",
      "type": "google_compute_network",
      "name": "vpc",
      "provider": "provider.google",
      "instances": [
        {
          "schema_version": 0,
          "attributes": {
            "auto_create_subnetworks": false,
            "delete_default_routes_on_create": false,
            "description": "",
            "gateway_ipv4": "",
            "id": "projects/ctdc-demo/global/networks/ctdc-network",
            "ipv4_range": null,
            "name": "ctdc-network",
            "project": "ctdc-demo",
            "routing_mode": "GLOBAL",
            "self_link": "https://www.googleapis.com/compute/v1/projects/ctdc-demo/global/networks/ctdc-network",
            "timeouts": null
          },
          "private": "eyJlMmJmYjczMC1lY2FhLTExZTYtOGY4OC0zNDM2M2JjN2M0YzAiOnsiY3JlYXRlIjoyNDAwMDAwMDAwMDAsImRlbGV0ZSI6MjQwMDAwMDAwMDAwLCJ1cGRhdGUiOjI0MDAwMDAwMDAwMH19"
        }
      ]
    },
    {
      "mode": "managed",
      "type": "google_compute_router",
      "name": "router",
      "provider": "provider.google",
      "instances": [
        {
          "schema_version": 0,
          "attributes": {
            "bgp": [],
            "creation_timestamp": "2020-08-23T22:25:24.587-07:00",
            "description": "",
            "id": "projects/ctdc-demo/regions/us-east4/routers/ctdc-nat-router",
            "name": "ctdc-nat-router",
            "network": "https://www.googleapis.com/compute/v1/projects/ctdc-demo/global/networks/ctdc-network",
            "project": "ctdc-demo",
            "region": "us-east4",
            "self_link": "https://www.googleapis.com/compute/v1/projects/ctdc-demo/regions/us-east4/routers/ctdc-nat-router",
            "timeouts": null
          },
          "private": "eyJlMmJmYjczMC1lY2FhLTExZTYtOGY4OC0zNDM2M2JjN2M0YzAiOnsiY3JlYXRlIjoyNDAwMDAwMDAwMDAsImRlbGV0ZSI6MjQwMDAwMDAwMDAwLCJ1cGRhdGUiOjI0MDAwMDAwMDAwMH19",
          "dependencies": [
            "google_compute_network.vpc"
          ]
        }
      ]
    },
    {
      "mode": "managed",
      "type": "google_compute_router_nat",
      "name": "nat",
      "provider": "provider.google",
      "instances": [
        {
          "schema_version": 0,
          "attributes": {
            "drain_nat_ips": [],
            "icmp_idle_timeout_sec": 30,
            "id": "ctdc-demo/us-east4/ctdc-nat-router/ctdc-nat-gateway",
            "log_config": [],
            "min_ports_per_vm": 0,
            "name": "ctdc-nat-gateway",
            "nat_ip_allocate_option": "MANUAL_ONLY",
            "nat_ips": [
              "https://www.googleapis.com/compute/v1/projects/ctdc-demo/regions/us-east4/addresses/db-network-nat-ip",
              "https://www.googleapis.com/compute/v1/projects/ctdc-demo/regions/us-east4/addresses/gke-network-nat-ip",
              "https://www.googleapis.com/compute/v1/projects/ctdc-demo/regions/us-east4/addresses/mgmt-network-nat-ip"
            ],
            "project": "ctdc-demo",
            "region": null,
            "router": "ctdc-nat-router",
            "source_subnetwork_ip_ranges_to_nat": "ALL_SUBNETWORKS_ALL_IP_RANGES",
            "subnetwork": [],
            "tcp_established_idle_timeout_sec": 1200,
            "tcp_transitory_idle_timeout_sec": 30,
            "timeouts": null,
            "udp_idle_timeout_sec": 30
          },
          "private": "eyJlMmJmYjczMC1lY2FhLTExZTYtOGY4OC0zNDM2M2JjN2M0YzAiOnsiY3JlYXRlIjo2MDAwMDAwMDAwMDAsImRlbGV0ZSI6NjAwMDAwMDAwMDAwLCJ1cGRhdGUiOjYwMDAwMDAwMDAwMH19",
          "dependencies": [
            "google_compute_address.nat_ips",
            "google_compute_network.vpc",
            "google_compute_router.router"
          ]
        }
      ]
    },
    {
      "mode": "managed",
      "type": "google_compute_subnetwork",
      "name": "subnet",
      "each": "map",
      "provider": "provider.google",
      "instances": [
        {
          "index_key": "db-network",
          "schema_version": 0,
          "attributes": {
            "creation_timestamp": "2020-08-23T22:25:24.585-07:00",
            "description": "",
            "enable_flow_logs": null,
            "fingerprint": null,
            "gateway_address": "192.168.5.1",
            "id": "projects/ctdc-demo/regions/us-east4/subnetworks/ctdc-us-east4-dev-db-network",
            "ip_cidr_range": "192.168.5.0/28",
            "log_config": [],
            "name": "ctdc-us-east4-dev-db-network",
            "network": "https://www.googleapis.com/compute/v1/projects/ctdc-demo/global/networks/ctdc-network",
            "private_ip_google_access": true,
            "project": "ctdc-demo",
            "region": "us-east4",
            "secondary_ip_range": [],
            "self_link": "https://www.googleapis.com/compute/v1/projects/ctdc-demo/regions/us-east4/subnetworks/ctdc-us-east4-dev-db-network",
            "timeouts": null
          },
          "private": "eyJlMmJmYjczMC1lY2FhLTExZTYtOGY4OC0zNDM2M2JjN2M0YzAiOnsiY3JlYXRlIjozNjAwMDAwMDAwMDAsImRlbGV0ZSI6MzYwMDAwMDAwMDAwLCJ1cGRhdGUiOjM2MDAwMDAwMDAwMH19",
          "dependencies": [
            "google_compute_network.vpc"
          ]
        },
        {
          "index_key": "gke-network",
          "schema_version": 0,
          "attributes": {
            "creation_timestamp": "2020-08-23T22:25:24.595-07:00",
            "description": "",
            "enable_flow_logs": null,
            "fingerprint": null,
            "gateway_address": "10.10.0.1",
            "id": "projects/ctdc-demo/regions/us-east4/subnetworks/ctdc-us-east4-dev-gke-network",
            "ip_cidr_range": "10.10.0.0/16",
            "log_config": [],
            "name": "ctdc-us-east4-dev-gke-network",
            "network": "https://www.googleapis.com/compute/v1/projects/ctdc-demo/global/networks/ctdc-network",
            "private_ip_google_access": true,
            "project": "ctdc-demo",
            "region": "us-east4",
            "secondary_ip_range": [
              {
                "ip_cidr_range": "10.121.44.0/22",
                "range_name": "gke-demo-dev-gke-services-9ad9ee10"
              },
              {
                "ip_cidr_range": "10.121.0.0/20",
                "range_name": "gke-demo-dev-gke-pods-9ad9ee10"
              }
            ],
            "self_link": "https://www.googleapis.com/compute/v1/projects/ctdc-demo/regions/us-east4/subnetworks/ctdc-us-east4-dev-gke-network",
            "timeouts": null
          },
          "private": "eyJlMmJmYjczMC1lY2FhLTExZTYtOGY4OC0zNDM2M2JjN2M0YzAiOnsiY3JlYXRlIjozNjAwMDAwMDAwMDAsImRlbGV0ZSI6MzYwMDAwMDAwMDAwLCJ1cGRhdGUiOjM2MDAwMDAwMDAwMH19",
          "dependencies": [
            "google_compute_network.vpc"
          ]
        },
        {
          "index_key": "mgmt-network",
          "schema_version": 0,
          "attributes": {
            "creation_timestamp": "2020-08-23T22:25:24.591-07:00",
            "description": "",
            "enable_flow_logs": null,
            "fingerprint": null,
            "gateway_address": "172.16.1.1",
            "id": "projects/ctdc-demo/regions/us-east4/subnetworks/ctdc-us-east4-dev-mgmt-network",
            "ip_cidr_range": "172.16.1.0/24",
            "log_config": [],
            "name": "ctdc-us-east4-dev-mgmt-network",
            "network": "https://www.googleapis.com/compute/v1/projects/ctdc-demo/global/networks/ctdc-network",
            "private_ip_google_access": true,
            "project": "ctdc-demo",
            "region": "us-east4",
            "secondary_ip_range": [],
            "self_link": "https://www.googleapis.com/compute/v1/projects/ctdc-demo/regions/us-east4/subnetworks/ctdc-us-east4-dev-mgmt-network",
            "timeouts": null
          },
          "private": "eyJlMmJmYjczMC1lY2FhLTExZTYtOGY4OC0zNDM2M2JjN2M0YzAiOnsiY3JlYXRlIjozNjAwMDAwMDAwMDAsImRlbGV0ZSI6MzYwMDAwMDAwMDAwLCJ1cGRhdGUiOjM2MDAwMDAwMDAwMH19",
          "dependencies": [
            "google_compute_network.vpc"
          ]
        }
      ]
    },
    {
      "mode": "managed",
      "type": "google_container_cluster",
      "name": "gke",
      "provider": "provider.google",
      "instances": [
        {
          "schema_version": 1,
          "attributes": {
            "additional_zones": [],
            "addons_config": [
              {
                "cloudrun_config": [],
                "horizontal_pod_autoscaling": [],
                "http_load_balancing": [],
                "kubernetes_dashboard": [],
                "network_policy_config": [
                  {
                    "disabled": true
                  }
                ]
              }
            ],
            "authenticator_groups_config": [],
            "cluster_autoscaling": [
              {
                "auto_provisioning_defaults": [],
                "enabled": false,
                "resource_limits": []
              }
            ],
            "cluster_ipv4_cidr": "10.121.0.0/20",
            "database_encryption": [
              {
                "key_name": "",
                "state": "DECRYPTED"
              }
            ],
            "default_max_pods_per_node": 110,
            "description": "",
            "enable_binary_authorization": false,
            "enable_intranode_visibility": null,
            "enable_kubernetes_alpha": false,
            "enable_legacy_abac": false,
            "enable_shielded_nodes": false,
            "enable_tpu": null,
            "endpoint": "35.245.137.110",
            "id": "projects/ctdc-demo/locations/us-east4/clusters/demo-dev-gke",
            "initial_node_count": 1,
            "instance_group_urls": [
              "https://www.googleapis.com/compute/v1/projects/ctdc-demo/zones/us-east4-c/instanceGroups/gke-demo-dev-gke-demo-dev-gke-node-po-22b22531-grp",
              "https://www.googleapis.com/compute/v1/projects/ctdc-demo/zones/us-east4-b/instanceGroups/gke-demo-dev-gke-demo-dev-gke-node-po-e7aaa467-grp",
              "https://www.googleapis.com/compute/v1/projects/ctdc-demo/zones/us-east4-a/instanceGroups/gke-demo-dev-gke-demo-dev-gke-node-po-ff9923de-grp"
            ],
            "ip_allocation_policy": [
              {
                "cluster_ipv4_cidr_block": "10.121.0.0/20",
                "cluster_secondary_range_name": "gke-demo-dev-gke-pods-9ad9ee10",
                "node_ipv4_cidr_block": "",
                "services_ipv4_cidr_block": "10.121.44.0/22",
                "services_secondary_range_name": "gke-demo-dev-gke-services-9ad9ee10",
                "subnetwork_name": ""
              }
            ],
            "label_fingerprint": "a9dc16a7",
            "location": "us-east4",
            "logging_service": "logging.googleapis.com/kubernetes",
            "maintenance_policy": [],
            "master_auth": [
              {
                "client_certificate": "",
                "client_certificate_config": [
                  {
                    "issue_client_certificate": false
                  }
                ],
                "client_key": "",
                "cluster_ca_certificate": "LS0tLS1CRUdJTiBDRVJUSUZJQ0FURS0tLS0tCk1JSURLakNDQWhLZ0F3SUJBZ0lRRytBWVJJUDFSQ2NsdzAzZEo2dkU2akFOQmdrcWhraUc5dzBCQVFzRkFEQXYKTVMwd0t3WURWUVFERXlRNU1EY3hNREV3WlMwNVl6RXpMVFJqWmpJdE9UZGhaaTB5TVdReU1tUXlORGxoWW1RdwpIaGNOTWpBd09ESTBNRFF5TlRRM1doY05NalV3T0RJek1EVXlOVFEzV2pBdk1TMHdLd1lEVlFRREV5UTVNRGN4Ck1ERXdaUzA1WXpFekxUUmpaakl0T1RkaFppMHlNV1F5TW1ReU5EbGhZbVF3Z2dFaU1BMEdDU3FHU0liM0RRRUIKQVFVQUE0SUJEd0F3Z2dFS0FvSUJBUURUWlZDc1FvbGRUb3BwSGNDSnMxM1F5N3pHaTdRT3g4WXI4QjZzbGc4cwo2ak1HLzJqWnN2UFFIY2ZsQVdnd1ltMTNEaTMrMGJHcHUzYk81d1UrZjZDY3RlajltTHdETUdPbkloM1VzdXJlClVJWk5Ha3NWYXJrYlFxcVUycTRQOEFGMmR1ckhodDcxZ3J2OTJZdTR0NWw3bmFldDhQbUVZRXZqOGJqak9QYTUKZ0dFYzY2V2lJMXhYY0pGOFg3MjE3MnlLajVZNVJ0elJZNVEzVnJLT3JWSXJFNU4zeWhiMjlOS09Yd2NVZUNZQgpiY28xUzNVMWs1bzJURWF3Qkp0L0xiVXBkakp4eGg3R0NMaHNYT3JTQU5tc0JuZGR5VmNNaG5QNm9FTFp2MElTCjYvQnVzRTlBc1ZTcnVNQmVlNWd2NGg5d01qZG9DMXFiTHIzMUt5VlBuVzdSQWdNQkFBR2pRakJBTUE0R0ExVWQKRHdFQi93UUVBd0lDQkRBUEJnTlZIUk1CQWY4RUJUQURBUUgvTUIwR0ExVWREZ1FXQkJSTjl0RldTc3ZkVk0zNQpxS0ZXdm42cW9UYjN1VEFOQmdrcWhraUc5dzBCQVFzRkFBT0NBUUVBRU9zcHl4cEx0d2RyWUo4bGE3UVhzeXZICkFCUWNPcFIrQ09IcG9KaGRJcFNVSzl0K01XMU10UUJEaHQzM0JnQjNrSW9mTFJlSlhYelRhWXpYb2EwRHcrclYKaU5STHlIcnVwb3A3bjRGdUpEWjQwWVNPVlcxckYyRDJ4NlVKMGR0QndyYk42NmlMaGkrcGh4YzlYK1dmNEZwawpaMWZrL1NMdGJlWGs4U0FVaWgzc1NCZkhiVW5NMzMwdXJINDUrNGhPL1Btbmw1NSsvZDMvdENrT2xlcXJyMGxIClBQWFh0MzVlVTBaZDRSWXlpTnd1UzZYT0xxV3RCS3BWaFZFais3QktGcjNrY0VHMzhsM3FEWlpLM2VpTzlobGMKQnhsYTJPTTRQTXJTSXRwWU9KUHlIMk1vS3gyZWJRdXZQMGRDS2pYR2huYjVzMGNkNVhJMHVyc3ZLLzhzbXc9PQotLS0tLUVORCBDRVJUSUZJQ0FURS0tLS0tCg==",
                "password": "OurBestDaysAreAhead2020",
                "username": "bento-user"
              }
            ],
            "master_authorized_networks_config": [
              {
                "cidr_blocks": [
                  {
                    "cidr_block": "10.10.0.0/16",
                    "display_name": "all"
                  }
                ]
              }
            ],
            "master_version": "1.15.12-gke.2",
            "min_master_version": null,
            "monitoring_service": "monitoring.googleapis.com/kubernetes",
            "name": "demo-dev-gke",
            "network": "projects/ctdc-demo/global/networks/ctdc-network",
            "network_policy": [
              {
                "enabled": false,
                "provider": "PROVIDER_UNSPECIFIED"
              }
            ],
            "node_config": [
              {
                "disk_size_gb": 100,
                "disk_type": "pd-standard",
                "guest_accelerator": [],
                "image_type": "COS",
                "labels": {
                  "env": "ctdc"
                },
                "local_ssd_count": 0,
                "machine_type": "n1-standard-1",
                "metadata": {
                  "disable-legacy-endpoints": "true"
                },
                "min_cpu_platform": "",
                "oauth_scopes": [
                  "https://www.googleapis.com/auth/cloud-platform",
                  "https://www.googleapis.com/auth/compute",
                  "https://www.googleapis.com/auth/devstorage.full_control",
                  "https://www.googleapis.com/auth/logging.write",
                  "https://www.googleapis.com/auth/monitoring"
                ],
                "preemptible": false,
                "sandbox_config": [],
                "service_account": "default",
                "shielded_instance_config": [
                  {
                    "enable_integrity_monitoring": true,
                    "enable_secure_boot": false
                  }
                ],
                "tags": [
                  "gke"
                ],
                "taint": [],
                "workload_metadata_config": []
              }
            ],
            "node_locations": [
              "us-east4-a",
              "us-east4-b",
              "us-east4-c"
            ],
            "node_pool": [
              {
                "autoscaling": [],
                "initial_node_count": 1,
                "instance_group_urls": [
                  "https://www.googleapis.com/compute/v1/projects/ctdc-demo/zones/us-east4-c/instanceGroupManagers/gke-demo-dev-gke-demo-dev-gke-node-po-22b22531-grp",
                  "https://www.googleapis.com/compute/v1/projects/ctdc-demo/zones/us-east4-b/instanceGroupManagers/gke-demo-dev-gke-demo-dev-gke-node-po-e7aaa467-grp",
                  "https://www.googleapis.com/compute/v1/projects/ctdc-demo/zones/us-east4-a/instanceGroupManagers/gke-demo-dev-gke-demo-dev-gke-node-po-ff9923de-grp"
                ],
                "management": [
                  {
                    "auto_repair": true,
                    "auto_upgrade": true
                  }
                ],
                "max_pods_per_node": 110,
                "name": "demo-dev-gke-node-pool",
                "name_prefix": "",
                "node_config": [
                  {
                    "disk_size_gb": 100,
                    "disk_type": "pd-standard",
                    "guest_accelerator": [],
                    "image_type": "COS",
                    "labels": {
                      "env": "ctdc"
                    },
                    "local_ssd_count": 0,
                    "machine_type": "n1-standard-1",
                    "metadata": {
                      "disable-legacy-endpoints": "true"
                    },
                    "min_cpu_platform": "",
                    "oauth_scopes": [
                      "https://www.googleapis.com/auth/cloud-platform",
                      "https://www.googleapis.com/auth/compute",
                      "https://www.googleapis.com/auth/devstorage.full_control",
                      "https://www.googleapis.com/auth/logging.write",
                      "https://www.googleapis.com/auth/monitoring"
                    ],
                    "preemptible": false,
                    "sandbox_config": [],
                    "service_account": "default",
                    "shielded_instance_config": [
                      {
                        "enable_integrity_monitoring": true,
                        "enable_secure_boot": false
                      }
                    ],
                    "tags": [
                      "gke"
                    ],
                    "taint": [],
                    "workload_metadata_config": []
                  }
                ],
                "node_count": 1,
                "node_locations": [
                  "us-east4-a",
                  "us-east4-b",
                  "us-east4-c"
                ],
                "upgrade_settings": [
                  {
                    "max_surge": 1,
                    "max_unavailable": 0
                  }
                ],
                "version": "1.15.12-gke.2"
              }
            ],
            "node_version": "1.15.12-gke.2",
            "operation": null,
            "pod_security_policy_config": [],
            "private_cluster_config": [],
            "project": "ctdc-demo",
            "region": null,
            "release_channel": [
              {
                "channel": "UNSPECIFIED"
              }
            ],
            "remove_default_node_pool": true,
            "resource_labels": {},
            "resource_usage_export_config": [],
            "services_ipv4_cidr": "10.121.44.0/22",
            "subnetwork": "projects/ctdc-demo/regions/us-east4/subnetworks/ctdc-us-east4-dev-gke-network",
            "timeouts": null,
            "vertical_pod_autoscaling": [],
            "workload_identity_config": [],
            "zone": null
          },
          "private": "eyJlMmJmYjczMC1lY2FhLTExZTYtOGY4OC0zNDM2M2JjN2M0YzAiOnsiY3JlYXRlIjoyNDAwMDAwMDAwMDAwLCJkZWxldGUiOjI0MDAwMDAwMDAwMDAsInJlYWQiOjI0MDAwMDAwMDAwMDAsInVwZGF0ZSI6MzYwMDAwMDAwMDAwMH0sInNjaGVtYV92ZXJzaW9uIjoiMSJ9",
          "dependencies": [
            "google_compute_network.vpc",
            "google_compute_subnetwork.subnet"
          ]
        }
      ]
    },
    {
      "mode": "managed",
      "type": "google_container_node_pool",
      "name": "dev_nodes",
      "provider": "provider.google",
      "instances": [
        {
          "schema_version": 1,
          "attributes": {
            "autoscaling": [],
            "cluster": "demo-dev-gke",
            "id": "projects/ctdc-demo/locations/us-east4/clusters/demo-dev-gke/nodePools/demo-dev-gke-node-pool",
            "initial_node_count": 1,
            "instance_group_urls": [
              "https://www.googleapis.com/compute/v1/projects/ctdc-demo/zones/us-east4-c/instanceGroupManagers/gke-demo-dev-gke-demo-dev-gke-node-po-22b22531-grp",
              "https://www.googleapis.com/compute/v1/projects/ctdc-demo/zones/us-east4-b/instanceGroupManagers/gke-demo-dev-gke-demo-dev-gke-node-po-e7aaa467-grp",
              "https://www.googleapis.com/compute/v1/projects/ctdc-demo/zones/us-east4-a/instanceGroupManagers/gke-demo-dev-gke-demo-dev-gke-node-po-ff9923de-grp"
            ],
            "location": "us-east4",
            "management": [
              {
                "auto_repair": true,
                "auto_upgrade": true
              }
            ],
            "max_pods_per_node": 110,
            "name": "demo-dev-gke-node-pool",
            "name_prefix": "",
            "node_config": [
              {
                "disk_size_gb": 100,
                "disk_type": "pd-standard",
                "guest_accelerator": [],
                "image_type": "COS",
                "labels": {
                  "env": "ctdc"
                },
                "local_ssd_count": 0,
                "machine_type": "n1-standard-1",
                "metadata": {
                  "disable-legacy-endpoints": "true"
                },
                "min_cpu_platform": "",
                "oauth_scopes": [
                  "https://www.googleapis.com/auth/cloud-platform",
                  "https://www.googleapis.com/auth/compute",
                  "https://www.googleapis.com/auth/devstorage.full_control",
                  "https://www.googleapis.com/auth/logging.write",
                  "https://www.googleapis.com/auth/monitoring"
                ],
                "preemptible": false,
                "sandbox_config": [],
                "service_account": "default",
                "shielded_instance_config": [
                  {
                    "enable_integrity_monitoring": true,
                    "enable_secure_boot": false
                  }
                ],
                "tags": [
                  "gke"
                ],
                "taint": [],
                "workload_metadata_config": []
              }
            ],
            "node_count": 1,
            "node_locations": [
              "us-east4-a",
              "us-east4-b",
              "us-east4-c"
            ],
            "project": "ctdc-demo",
            "region": null,
            "timeouts": null,
            "upgrade_settings": [
              {
                "max_surge": 1,
                "max_unavailable": 0
              }
            ],
            "version": "1.15.12-gke.2",
            "zone": null
          },
          "private": "eyJlMmJmYjczMC1lY2FhLTExZTYtOGY4OC0zNDM2M2JjN2M0YzAiOnsiY3JlYXRlIjoxODAwMDAwMDAwMDAwLCJkZWxldGUiOjE4MDAwMDAwMDAwMDAsInVwZGF0ZSI6MTgwMDAwMDAwMDAwMH0sInNjaGVtYV92ZXJzaW9uIjoiMSJ9",
          "dependencies": [
            "google_compute_network.vpc",
            "google_compute_subnetwork.subnet",
            "google_container_cluster.gke"
          ]
        }
      ]
    },
    {
      "mode": "managed",
      "type": "google_container_registry",
      "name": "gcr",
      "provider": "provider.google",
      "instances": [
        {
          "schema_version": 0,
          "attributes": {
            "bucket_self_link": "https://www.googleapis.com/storage/v1/b/us.artifacts.ctdc-demo.appspot.com",
            "id": "us.artifacts.ctdc-demo.appspot.com",
            "location": "US",
            "project": "ctdc-demo"
          },
          "private": "bnVsbA=="
        }
      ]
    },
    {
      "mode": "managed",
      "type": "google_storage_bucket_iam_member",
      "name": "bucket_iam",
      "provider": "provider.google",
      "instances": [
        {
          "schema_version": 0,
          "attributes": {
            "bucket": "b/us.artifacts.ctdc-demo.appspot.com",
            "condition": [],
            "etag": "CAo=",
            "id": "b/us.artifacts.ctdc-demo.appspot.com/roles/storage.admin/serviceaccount:demo-sa@ctdc-demo.iam.gserviceaccount.com",
            "member": "serviceAccount:demo-sa@ctdc-demo.iam.gserviceaccount.com",
            "role": "roles/storage.admin"
          },
          "private": "bnVsbA==",
          "dependencies": [
            "google_container_registry.gcr"
          ]
        }
      ]
    },
    {
      "mode": "managed",
      "type": "local_file",
      "name": "deploy_script",
      "provider": "provider.local",
      "instances": [
        {
          "schema_version": 0,
          "attributes": {
            "content": "#!/bin/bash\nset -ex\ncd /tmp\nrm -rf bento-custodian || true\nyum -y install epel-release\nyum -y install wget git python3-setuptools python3\npip3 install ansible==2.8.0 openshift\ngit clone https://github.com/CBIIT/bento-custodian\ncd bento-custodian/ansible\nCLOUDSDK_CORE_DISABLE_PROMPTS=1 gcloud auth activate-service-account --key-file /tmp/bento-apikey.json\ngcloud container clusters get-credentials demo-dev-gke --zone=us-east4 --project=ctdc-demo\n/usr/local/bin/ansible-playbook docker.yml --skip-tags master\n/usr/local/bin/ansible-playbook deploy-gke.yml -e neo4j_ip=192.168.5.2 -e neo4j_password=custodian -e gcp_project=ctdc-demo\n",
            "content_base64": null,
            "directory_permission": "0777",
            "file_permission": "0777",
            "filename": "./bastion.sh",
            "id": "7d6e014923995210d49ae87f2770b70bfadaa334",
            "sensitive_content": null
          },
          "private": "bnVsbA==",
          "dependencies": [
            "google_compute_instance.neo4j",
            "google_container_cluster.gke"
          ]
        }
      ]
    }
  ]
}
